// !$*UTF8*$!
{
	archiveVersion = 1;
	classes = {
	};
	objectVersion = 45;
	objects = {

/* Begin PBXBuildFile section */
		1D3623260D0F684500981E51 /* NsocAppDelegate.m in Sources */ = {isa = PBXBuildFile; fileRef = 1D3623250D0F684500981E51 /* NsocAppDelegate.m */; };
		1D60589B0D05DD56006BFB54 /* main.m in Sources */ = {isa = PBXBuildFile; fileRef = 29B97316FDCFA39411CA2CEA /* main.m */; };
		1D60589F0D05DD5A006BFB54 /* Foundation.framework in Frameworks */ = {isa = PBXBuildFile; fileRef = 1D30AB110D05D00D00671497 /* Foundation.framework */; };
		1DF5F4E00D08C38300B7A737 /* UIKit.framework in Frameworks */ = {isa = PBXBuildFile; fileRef = 1DF5F4DF0D08C38300B7A737 /* UIKit.framework */; };
		28216C970DB411BC00E5133A /* InfosViewController.m in Sources */ = {isa = PBXBuildFile; fileRef = 28216C960DB411BC00E5133A /* InfosViewController.m */; };
		2840D7CE1179279E00D7F93C /* InfosViewController.xib in Resources */ = {isa = PBXBuildFile; fileRef = 2840D7CD1179279E00D7F93C /* InfosViewController.xib */; };
		288765080DF74369002DB57D /* CoreGraphics.framework in Frameworks */ = {isa = PBXBuildFile; fileRef = 288765070DF74369002DB57D /* CoreGraphics.framework */; };
		28AD73880D9D96C1002E5188 /* MainWindow.xib in Resources */ = {isa = PBXBuildFile; fileRef = 28AD73870D9D96C1002E5188 /* MainWindow.xib */; };
		8F1DEE7614C33776004E1A6D /* ELCTextfieldCell.m in Sources */ = {isa = PBXBuildFile; fileRef = 8F1DEE7514C33776004E1A6D /* ELCTextfieldCell.m */; };
		8FDFC0DD14C1E43E005C6FCE /* DetailsViewController.m in Sources */ = {isa = PBXBuildFile; fileRef = 8FDFC0DB14C1E43E005C6FCE /* DetailsViewController.m */; };
		8FDFC0DE14C1E43E005C6FCE /* DetailsViewController.xib in Resources */ = {isa = PBXBuildFile; fileRef = 8FDFC0DC14C1E43E005C6FCE /* DetailsViewController.xib */; };
		8FDFC0E414C1E451005C6FCE /* CommandsViewController.m in Sources */ = {isa = PBXBuildFile; fileRef = 8FDFC0E214C1E451005C6FCE /* CommandsViewController.m */; };
		8FDFC0E514C1E451005C6FCE /* CommandsViewController.xib in Resources */ = {isa = PBXBuildFile; fileRef = 8FDFC0E314C1E451005C6FCE /* CommandsViewController.xib */; };
		8FDFC0EB14C1E461005C6FCE /* ConfigViewController.m in Sources */ = {isa = PBXBuildFile; fileRef = 8FDFC0E914C1E461005C6FCE /* ConfigViewController.m */; };
		8FDFC0EC14C1E461005C6FCE /* ConfigViewController.xib in Resources */ = {isa = PBXBuildFile; fileRef = 8FDFC0EA14C1E461005C6FCE /* ConfigViewController.xib */; };
		8FDFC11A14C1E76D005C6FCE /* glyphicons_040_stats.png in Resources */ = {isa = PBXBuildFile; fileRef = 8FDFC11614C1E76D005C6FCE /* glyphicons_040_stats.png */; };
		8FDFC11B14C1E76D005C6FCE /* glyphicons_041_charts.png in Resources */ = {isa = PBXBuildFile; fileRef = 8FDFC11714C1E76D005C6FCE /* glyphicons_041_charts.png */; };
		8FDFC11C14C1E76D005C6FCE /* glyphicons_232_cardio.png in Resources */ = {isa = PBXBuildFile; fileRef = 8FDFC11814C1E76D005C6FCE /* glyphicons_232_cardio.png */; };
		8FDFC11D14C1E76D005C6FCE /* glyphicons_280_settings.png in Resources */ = {isa = PBXBuildFile; fileRef = 8FDFC11914C1E76D005C6FCE /* glyphicons_280_settings.png */; };
		8FDFC12914C1E7DC005C6FCE /* glyphicons_026_home.png in Resources */ = {isa = PBXBuildFile; fileRef = 8FDFC12814C1E7DC005C6FCE /* glyphicons_026_home.png */; };
		8FDFC17D14C1ED2C005C6FCE /* CreditsViewController.m in Sources */ = {isa = PBXBuildFile; fileRef = 8FDFC17B14C1ED2C005C6FCE /* CreditsViewController.m */; };
		8FDFC17E14C1ED2C005C6FCE /* CreditsViewController.xib in Resources */ = {isa = PBXBuildFile; fileRef = 8FDFC17C14C1ED2C005C6FCE /* CreditsViewController.xib */; };
		8FDFC24014C2398C005C6FCE /* credits.png in Resources */ = {isa = PBXBuildFile; fileRef = 8FDFC23F14C2398C005C6FCE /* credits.png */; };
		8FDFC29E14C24741005C6FCE /* glyphicons_033_cogwheels.png in Resources */ = {isa = PBXBuildFile; fileRef = 8FDFC29D14C24741005C6FCE /* glyphicons_033_cogwheels.png */; };
		8FF5071014C31B4C0095AC4F /* CFNetwork.framework in Frameworks */ = {isa = PBXBuildFile; fileRef = 8FF5070F14C31B4C0095AC4F /* CFNetwork.framework */; };
		8FF5071414C31B4C0095AC4F /* MobileCoreServices.framework in Frameworks */ = {isa = PBXBuildFile; fileRef = 8FF5071314C31B4C0095AC4F /* MobileCoreServices.framework */; };
		8FF5071614C31B4C0095AC4F /* SystemConfiguration.framework in Frameworks */ = {isa = PBXBuildFile; fileRef = 8FF5071514C31B4C0095AC4F /* SystemConfiguration.framework */; };
		8FF507D014C327800095AC4F /* ASIAuthenticationDialog.m in Sources */ = {isa = PBXBuildFile; fileRef = 8FF507BD14C327800095AC4F /* ASIAuthenticationDialog.m */; };
		8FF507D114C327800095AC4F /* ASIDataCompressor.m in Sources */ = {isa = PBXBuildFile; fileRef = 8FF507C014C327800095AC4F /* ASIDataCompressor.m */; };
		8FF507D214C327800095AC4F /* ASIDataDecompressor.m in Sources */ = {isa = PBXBuildFile; fileRef = 8FF507C214C327800095AC4F /* ASIDataDecompressor.m */; };
		8FF507D314C327800095AC4F /* ASIDownloadCache.m in Sources */ = {isa = PBXBuildFile; fileRef = 8FF507C414C327800095AC4F /* ASIDownloadCache.m */; };
		8FF507D414C327800095AC4F /* ASIFormDataRequest.m in Sources */ = {isa = PBXBuildFile; fileRef = 8FF507C614C327800095AC4F /* ASIFormDataRequest.m */; };
		8FF507D514C327800095AC4F /* ASIHTTPRequest.m in Sources */ = {isa = PBXBuildFile; fileRef = 8FF507C814C327800095AC4F /* ASIHTTPRequest.m */; };
		8FF507D614C327800095AC4F /* ASIInputStream.m in Sources */ = {isa = PBXBuildFile; fileRef = 8FF507CC14C327800095AC4F /* ASIInputStream.m */; };
		8FF507D714C327800095AC4F /* ASINetworkQueue.m in Sources */ = {isa = PBXBuildFile; fileRef = 8FF507CE14C327800095AC4F /* ASINetworkQueue.m */; };
		8FF507DA14C327880095AC4F /* Reachability.m in Sources */ = {isa = PBXBuildFile; fileRef = 8FF507D914C327880095AC4F /* Reachability.m */; };
		8FF507DC14C327D70095AC4F /* libz.dylib in Frameworks */ = {isa = PBXBuildFile; fileRef = 8FF507DB14C327D70095AC4F /* libz.dylib */; };
/* End PBXBuildFile section */

/* Begin PBXFileReference section */
		1D30AB110D05D00D00671497 /* Foundation.framework */ = {isa = PBXFileReference; lastKnownFileType = wrapper.framework; name = Foundation.framework; path = System/Library/Frameworks/Foundation.framework; sourceTree = SDKROOT; };
		1D3623240D0F684500981E51 /* NsocAppDelegate.h */ = {isa = PBXFileReference; fileEncoding = 4; lastKnownFileType = sourcecode.c.h; path = NsocAppDelegate.h; sourceTree = "<group>"; };
		1D3623250D0F684500981E51 /* NsocAppDelegate.m */ = {isa = PBXFileReference; fileEncoding = 4; lastKnownFileType = sourcecode.c.objc; path = NsocAppDelegate.m; sourceTree = "<group>"; };
		1D6058910D05DD3D006BFB54 /* Nsoc.app */ = {isa = PBXFileReference; explicitFileType = wrapper.application; includeInIndex = 0; path = Nsoc.app; sourceTree = BUILT_PRODUCTS_DIR; };
		1DF5F4DF0D08C38300B7A737 /* UIKit.framework */ = {isa = PBXFileReference; lastKnownFileType = wrapper.framework; name = UIKit.framework; path = System/Library/Frameworks/UIKit.framework; sourceTree = SDKROOT; };
		28216C950DB411BC00E5133A /* InfosViewController.h */ = {isa = PBXFileReference; fileEncoding = 4; lastKnownFileType = sourcecode.c.h; name = InfosViewController.h; path = Classes/InfosViewController.h; sourceTree = "<group>"; };
		28216C960DB411BC00E5133A /* InfosViewController.m */ = {isa = PBXFileReference; fileEncoding = 4; lastKnownFileType = sourcecode.c.objc; name = InfosViewController.m; path = Classes/InfosViewController.m; sourceTree = "<group>"; };
		2840D7CD1179279E00D7F93C /* InfosViewController.xib */ = {isa = PBXFileReference; lastKnownFileType = file.xib; path = InfosViewController.xib; sourceTree = "<group>"; };
		288765070DF74369002DB57D /* CoreGraphics.framework */ = {isa = PBXFileReference; lastKnownFileType = wrapper.framework; name = CoreGraphics.framework; path = System/Library/Frameworks/CoreGraphics.framework; sourceTree = SDKROOT; };
		28A0AB4B0D9B1048005BE974 /* Nsoc_Prefix.pch */ = {isa = PBXFileReference; fileEncoding = 4; lastKnownFileType = sourcecode.c.h; path = Nsoc_Prefix.pch; sourceTree = "<group>"; };
		28AD73870D9D96C1002E5188 /* MainWindow.xib */ = {isa = PBXFileReference; lastKnownFileType = file.xib; path = MainWindow.xib; sourceTree = "<group>"; };
		29B97316FDCFA39411CA2CEA /* main.m */ = {isa = PBXFileReference; fileEncoding = 4; lastKnownFileType = sourcecode.c.objc; path = main.m; sourceTree = "<group>"; };
		8D1107310486CEB800E47090 /* Nsoc-Info.plist */ = {isa = PBXFileReference; fileEncoding = 4; lastKnownFileType = text.plist.xml; path = "Nsoc-Info.plist"; plistStructureDefinitionIdentifier = "com.apple.xcode.plist.structure-definition.iphone.info-plist"; sourceTree = "<group>"; };
		8F1DEE7414C33776004E1A6D /* ELCTextfieldCell.h */ = {isa = PBXFileReference; fileEncoding = 4; lastKnownFileType = sourcecode.c.h; path = ELCTextfieldCell.h; sourceTree = "<group>"; };
		8F1DEE7514C33776004E1A6D /* ELCTextfieldCell.m */ = {isa = PBXFileReference; fileEncoding = 4; lastKnownFileType = sourcecode.c.objc; path = ELCTextfieldCell.m; sourceTree = "<group>"; };
		8FDFC0DA14C1E43E005C6FCE /* DetailsViewController.h */ = {isa = PBXFileReference; fileEncoding = 4; lastKnownFileType = sourcecode.c.h; name = DetailsViewController.h; path = Classes/DetailsViewController.h; sourceTree = "<group>"; };
		8FDFC0DB14C1E43E005C6FCE /* DetailsViewController.m */ = {isa = PBXFileReference; fileEncoding = 4; lastKnownFileType = sourcecode.c.objc; name = DetailsViewController.m; path = Classes/DetailsViewController.m; sourceTree = "<group>"; };
		8FDFC0DC14C1E43E005C6FCE /* DetailsViewController.xib */ = {isa = PBXFileReference; lastKnownFileType = file.xib; name = DetailsViewController.xib; path = Classes/DetailsViewController.xib; sourceTree = "<group>"; };
		8FDFC0E114C1E451005C6FCE /* CommandsViewController.h */ = {isa = PBXFileReference; fileEncoding = 4; lastKnownFileType = sourcecode.c.h; path = CommandsViewController.h; sourceTree = "<group>"; };
		8FDFC0E214C1E451005C6FCE /* CommandsViewController.m */ = {isa = PBXFileReference; fileEncoding = 4; lastKnownFileType = sourcecode.c.objc; path = CommandsViewController.m; sourceTree = "<group>"; };
		8FDFC0E314C1E451005C6FCE /* CommandsViewController.xib */ = {isa = PBXFileReference; lastKnownFileType = file.xib; path = CommandsViewController.xib; sourceTree = "<group>"; };
		8FDFC0E814C1E461005C6FCE /* ConfigViewController.h */ = {isa = PBXFileReference; fileEncoding = 4; lastKnownFileType = sourcecode.c.h; name = ConfigViewController.h; path = Classes/ConfigViewController.h; sourceTree = "<group>"; };
		8FDFC0E914C1E461005C6FCE /* ConfigViewController.m */ = {isa = PBXFileReference; fileEncoding = 4; lastKnownFileType = sourcecode.c.objc; name = ConfigViewController.m; path = Classes/ConfigViewController.m; sourceTree = "<group>"; };
		8FDFC0EA14C1E461005C6FCE /* ConfigViewController.xib */ = {isa = PBXFileReference; lastKnownFileType = file.xib; name = ConfigViewController.xib; path = Classes/ConfigViewController.xib; sourceTree = "<group>"; };
		8FDFC11614C1E76D005C6FCE /* glyphicons_040_stats.png */ = {isa = PBXFileReference; lastKnownFileType = image.png; path = glyphicons_040_stats.png; sourceTree = "<group>"; };
		8FDFC11714C1E76D005C6FCE /* glyphicons_041_charts.png */ = {isa = PBXFileReference; lastKnownFileType = image.png; path = glyphicons_041_charts.png; sourceTree = "<group>"; };
		8FDFC11814C1E76D005C6FCE /* glyphicons_232_cardio.png */ = {isa = PBXFileReference; lastKnownFileType = image.png; path = glyphicons_232_cardio.png; sourceTree = "<group>"; };
		8FDFC11914C1E76D005C6FCE /* glyphicons_280_settings.png */ = {isa = PBXFileReference; lastKnownFileType = image.png; path = glyphicons_280_settings.png; sourceTree = "<group>"; };
		8FDFC12814C1E7DC005C6FCE /* glyphicons_026_home.png */ = {isa = PBXFileReference; lastKnownFileType = image.png; path = glyphicons_026_home.png; sourceTree = "<group>"; };
		8FDFC17A14C1ED2C005C6FCE /* CreditsViewController.h */ = {isa = PBXFileReference; fileEncoding = 4; lastKnownFileType = sourcecode.c.h; name = CreditsViewController.h; path = Classes/CreditsViewController.h; sourceTree = "<group>"; };
		8FDFC17B14C1ED2C005C6FCE /* CreditsViewController.m */ = {isa = PBXFileReference; fileEncoding = 4; lastKnownFileType = sourcecode.c.objc; name = CreditsViewController.m; path = Classes/CreditsViewController.m; sourceTree = "<group>"; };
		8FDFC17C14C1ED2C005C6FCE /* CreditsViewController.xib */ = {isa = PBXFileReference; lastKnownFileType = file.xib; name = CreditsViewController.xib; path = Classes/CreditsViewController.xib; sourceTree = "<group>"; };
		8FDFC23F14C2398C005C6FCE /* credits.png */ = {isa = PBXFileReference; lastKnownFileType = image.png; path = credits.png; sourceTree = "<group>"; };
		8FDFC29D14C24741005C6FCE /* glyphicons_033_cogwheels.png */ = {isa = PBXFileReference; lastKnownFileType = image.png; path = glyphicons_033_cogwheels.png; sourceTree = "<group>"; };
		8FF5070F14C31B4C0095AC4F /* CFNetwork.framework */ = {isa = PBXFileReference; lastKnownFileType = wrapper.framework; name = CFNetwork.framework; path = System/Library/Frameworks/CFNetwork.framework; sourceTree = SDKROOT; };
		8FF5071114C31B4C0095AC4F /* CoreData.framework */ = {isa = PBXFileReference; lastKnownFileType = wrapper.framework; name = CoreData.framework; path = System/Library/Frameworks/CoreData.framework; sourceTree = SDKROOT; };
		8FF5071314C31B4C0095AC4F /* MobileCoreServices.framework */ = {isa = PBXFileReference; lastKnownFileType = wrapper.framework; name = MobileCoreServices.framework; path = System/Library/Frameworks/MobileCoreServices.framework; sourceTree = SDKROOT; };
		8FF5071514C31B4C0095AC4F /* SystemConfiguration.framework */ = {isa = PBXFileReference; lastKnownFileType = wrapper.framework; name = SystemConfiguration.framework; path = System/Library/Frameworks/SystemConfiguration.framework; sourceTree = SDKROOT; };
		8FF507BC14C327800095AC4F /* ASIAuthenticationDialog.h */ = {isa = PBXFileReference; fileEncoding = 4; lastKnownFileType = sourcecode.c.h; path = ASIAuthenticationDialog.h; sourceTree = "<group>"; };
		8FF507BD14C327800095AC4F /* ASIAuthenticationDialog.m */ = {isa = PBXFileReference; fileEncoding = 4; lastKnownFileType = sourcecode.c.objc; path = ASIAuthenticationDialog.m; sourceTree = "<group>"; };
		8FF507BE14C327800095AC4F /* ASICacheDelegate.h */ = {isa = PBXFileReference; fileEncoding = 4; lastKnownFileType = sourcecode.c.h; path = ASICacheDelegate.h; sourceTree = "<group>"; };
		8FF507BF14C327800095AC4F /* ASIDataCompressor.h */ = {isa = PBXFileReference; fileEncoding = 4; lastKnownFileType = sourcecode.c.h; path = ASIDataCompressor.h; sourceTree = "<group>"; };
		8FF507C014C327800095AC4F /* ASIDataCompressor.m */ = {isa = PBXFileReference; fileEncoding = 4; lastKnownFileType = sourcecode.c.objc; path = ASIDataCompressor.m; sourceTree = "<group>"; };
		8FF507C114C327800095AC4F /* ASIDataDecompressor.h */ = {isa = PBXFileReference; fileEncoding = 4; lastKnownFileType = sourcecode.c.h; path = ASIDataDecompressor.h; sourceTree = "<group>"; };
		8FF507C214C327800095AC4F /* ASIDataDecompressor.m */ = {isa = PBXFileReference; fileEncoding = 4; lastKnownFileType = sourcecode.c.objc; path = ASIDataDecompressor.m; sourceTree = "<group>"; };
		8FF507C314C327800095AC4F /* ASIDownloadCache.h */ = {isa = PBXFileReference; fileEncoding = 4; lastKnownFileType = sourcecode.c.h; path = ASIDownloadCache.h; sourceTree = "<group>"; };
		8FF507C414C327800095AC4F /* ASIDownloadCache.m */ = {isa = PBXFileReference; fileEncoding = 4; lastKnownFileType = sourcecode.c.objc; path = ASIDownloadCache.m; sourceTree = "<group>"; };
		8FF507C514C327800095AC4F /* ASIFormDataRequest.h */ = {isa = PBXFileReference; fileEncoding = 4; lastKnownFileType = sourcecode.c.h; path = ASIFormDataRequest.h; sourceTree = "<group>"; };
		8FF507C614C327800095AC4F /* ASIFormDataRequest.m */ = {isa = PBXFileReference; fileEncoding = 4; lastKnownFileType = sourcecode.c.objc; path = ASIFormDataRequest.m; sourceTree = "<group>"; };
		8FF507C714C327800095AC4F /* ASIHTTPRequest.h */ = {isa = PBXFileReference; fileEncoding = 4; lastKnownFileType = sourcecode.c.h; path = ASIHTTPRequest.h; sourceTree = "<group>"; };
		8FF507C814C327800095AC4F /* ASIHTTPRequest.m */ = {isa = PBXFileReference; fileEncoding = 4; lastKnownFileType = sourcecode.c.objc; path = ASIHTTPRequest.m; sourceTree = "<group>"; };
		8FF507C914C327800095AC4F /* ASIHTTPRequestConfig.h */ = {isa = PBXFileReference; fileEncoding = 4; lastKnownFileType = sourcecode.c.h; path = ASIHTTPRequestConfig.h; sourceTree = "<group>"; };
		8FF507CA14C327800095AC4F /* ASIHTTPRequestDelegate.h */ = {isa = PBXFileReference; fileEncoding = 4; lastKnownFileType = sourcecode.c.h; path = ASIHTTPRequestDelegate.h; sourceTree = "<group>"; };
		8FF507CB14C327800095AC4F /* ASIInputStream.h */ = {isa = PBXFileReference; fileEncoding = 4; lastKnownFileType = sourcecode.c.h; path = ASIInputStream.h; sourceTree = "<group>"; };
		8FF507CC14C327800095AC4F /* ASIInputStream.m */ = {isa = PBXFileReference; fileEncoding = 4; lastKnownFileType = sourcecode.c.objc; path = ASIInputStream.m; sourceTree = "<group>"; };
		8FF507CD14C327800095AC4F /* ASINetworkQueue.h */ = {isa = PBXFileReference; fileEncoding = 4; lastKnownFileType = sourcecode.c.h; path = ASINetworkQueue.h; sourceTree = "<group>"; };
		8FF507CE14C327800095AC4F /* ASINetworkQueue.m */ = {isa = PBXFileReference; fileEncoding = 4; lastKnownFileType = sourcecode.c.objc; path = ASINetworkQueue.m; sourceTree = "<group>"; };
		8FF507CF14C327800095AC4F /* ASIProgressDelegate.h */ = {isa = PBXFileReference; fileEncoding = 4; lastKnownFileType = sourcecode.c.h; path = ASIProgressDelegate.h; sourceTree = "<group>"; };
		8FF507D814C327880095AC4F /* Reachability.h */ = {isa = PBXFileReference; fileEncoding = 4; lastKnownFileType = sourcecode.c.h; path = Reachability.h; sourceTree = "<group>"; };
		8FF507D914C327880095AC4F /* Reachability.m */ = {isa = PBXFileReference; fileEncoding = 4; lastKnownFileType = sourcecode.c.objc; path = Reachability.m; sourceTree = "<group>"; };
		8FF507DB14C327D70095AC4F /* libz.dylib */ = {isa = PBXFileReference; lastKnownFileType = "compiled.mach-o.dylib"; name = libz.dylib; path = usr/lib/libz.dylib; sourceTree = SDKROOT; };
/* End PBXFileReference section */

/* Begin PBXFrameworksBuildPhase section */
		1D60588F0D05DD3D006BFB54 /* Frameworks */ = {
			isa = PBXFrameworksBuildPhase;
			buildActionMask = 2147483647;
			files = (
				1D60589F0D05DD5A006BFB54 /* Foundation.framework in Frameworks */,
				1DF5F4E00D08C38300B7A737 /* UIKit.framework in Frameworks */,
				288765080DF74369002DB57D /* CoreGraphics.framework in Frameworks */,
				8FF5071014C31B4C0095AC4F /* CFNetwork.framework in Frameworks */,
				8FF5071414C31B4C0095AC4F /* MobileCoreServices.framework in Frameworks */,
				8FF5071614C31B4C0095AC4F /* SystemConfiguration.framework in Frameworks */,
				8FF507DC14C327D70095AC4F /* libz.dylib in Frameworks */,
			);
			runOnlyForDeploymentPostprocessing = 0;
		};
/* End PBXFrameworksBuildPhase section */

/* Begin PBXGroup section */
		080E96DDFE201D6D7F000001 /* Application Delegate */ = {
			isa = PBXGroup;
			children = (
				1D3623240D0F684500981E51 /* NsocAppDelegate.h */,
				1D3623250D0F684500981E51 /* NsocAppDelegate.m */,
			);
			name = "Application Delegate";
			path = Classes;
			sourceTree = "<group>";
		};
		19C28FACFE9D520D11CA2CBB /* Products */ = {
			isa = PBXGroup;
			children = (
				1D6058910D05DD3D006BFB54 /* Nsoc.app */,
			);
			name = Products;
			sourceTree = "<group>";
		};
		29B97314FDCFA39411CA2CEA /* Nsoc */ = {
			isa = PBXGroup;
			children = (
				8F1DEE5714C33664004E1A6D /* Lib */,
				8FDFC18014C1ED48005C6FCE /* Infos View */,
				8FDFC18114C1ED55005C6FCE /* Details View */,
				8FDFC18214C1ED5F005C6FCE /* Commands View */,
				8FDFC18314C1ED69005C6FCE /* Config View */,
				8FDFC18414C1ED77005C6FCE /* Credits View */,
				080E96DDFE201D6D7F000001 /* Application Delegate */,
				29B97315FDCFA39411CA2CEA /* Other Sources */,
				29B97317FDCFA39411CA2CEA /* Resources */,
				29B97323FDCFA39411CA2CEA /* Frameworks */,
				19C28FACFE9D520D11CA2CBB /* Products */,
				8FF5070F14C31B4C0095AC4F /* CFNetwork.framework */,
				8FF5071114C31B4C0095AC4F /* CoreData.framework */,
				8FF5071314C31B4C0095AC4F /* MobileCoreServices.framework */,
				8FF5071514C31B4C0095AC4F /* SystemConfiguration.framework */,
				8FF507DB14C327D70095AC4F /* libz.dylib */,
			);
			name = Nsoc;
			sourceTree = "<group>";
		};
		29B97315FDCFA39411CA2CEA /* Other Sources */ = {
			isa = PBXGroup;
			children = (
				8FDFC23F14C2398C005C6FCE /* credits.png */,
				8FDFC29D14C24741005C6FCE /* glyphicons_033_cogwheels.png */,
				8FDFC11614C1E76D005C6FCE /* glyphicons_040_stats.png */,
				8FDFC11714C1E76D005C6FCE /* glyphicons_041_charts.png */,
				8FDFC11814C1E76D005C6FCE /* glyphicons_232_cardio.png */,
				8FDFC11914C1E76D005C6FCE /* glyphicons_280_settings.png */,
				8FDFC12814C1E7DC005C6FCE /* glyphicons_026_home.png */,
				28A0AB4B0D9B1048005BE974 /* Nsoc_Prefix.pch */,
				29B97316FDCFA39411CA2CEA /* main.m */,
			);
			name = "Other Sources";
			sourceTree = "<group>";
		};
		29B97317FDCFA39411CA2CEA /* Resources */ = {
			isa = PBXGroup;
			children = (
				8FDFC17C14C1ED2C005C6FCE /* CreditsViewController.xib */,
				2840D7CD1179279E00D7F93C /* InfosViewController.xib */,
				8FDFC0DC14C1E43E005C6FCE /* DetailsViewController.xib */,
				8FDFC0E314C1E451005C6FCE /* CommandsViewController.xib */,
				8FDFC0EA14C1E461005C6FCE /* ConfigViewController.xib */,
				28AD73870D9D96C1002E5188 /* MainWindow.xib */,
				8D1107310486CEB800E47090 /* Nsoc-Info.plist */,
			);
			name = Resources;
			sourceTree = "<group>";
		};
		29B97323FDCFA39411CA2CEA /* Frameworks */ = {
			isa = PBXGroup;
			children = (
				1DF5F4DF0D08C38300B7A737 /* UIKit.framework */,
				1D30AB110D05D00D00671497 /* Foundation.framework */,
				288765070DF74369002DB57D /* CoreGraphics.framework */,
			);
			name = Frameworks;
			sourceTree = "<group>";
		};
		8F1DEE5714C33664004E1A6D /* Lib */ = {
			isa = PBXGroup;
			children = (
				8F1DEE7414C33776004E1A6D /* ELCTextfieldCell.h */,
				8F1DEE7514C33776004E1A6D /* ELCTextfieldCell.m */,
				8FF507B814C326FF0095AC4F /* ASIHTTPRequest */,
			);
			name = Lib;
			sourceTree = "<group>";
		};
		8FDFC18014C1ED48005C6FCE /* Infos View */ = {
			isa = PBXGroup;
			children = (
				28216C950DB411BC00E5133A /* InfosViewController.h */,
				28216C960DB411BC00E5133A /* InfosViewController.m */,
			);
			name = "Infos View";
			sourceTree = "<group>";
		};
		8FDFC18114C1ED55005C6FCE /* Details View */ = {
			isa = PBXGroup;
			children = (
				8FDFC0DA14C1E43E005C6FCE /* DetailsViewController.h */,
				8FDFC0DB14C1E43E005C6FCE /* DetailsViewController.m */,
			);
			name = "Details View";
			sourceTree = "<group>";
		};
		8FDFC18214C1ED5F005C6FCE /* Commands View */ = {
			isa = PBXGroup;
			children = (
				8FDFC0E114C1E451005C6FCE /* CommandsViewController.h */,
				8FDFC0E214C1E451005C6FCE /* CommandsViewController.m */,
			);
			name = "Commands View";
			sourceTree = "<group>";
		};
		8FDFC18314C1ED69005C6FCE /* Config View */ = {
			isa = PBXGroup;
			children = (
				8FDFC0E814C1E461005C6FCE /* ConfigViewController.h */,
				8FDFC0E914C1E461005C6FCE /* ConfigViewController.m */,
			);
			name = "Config View";
			sourceTree = "<group>";
		};
		8FDFC18414C1ED77005C6FCE /* Credits View */ = {
			isa = PBXGroup;
			children = (
				8FDFC17A14C1ED2C005C6FCE /* CreditsViewController.h */,
				8FDFC17B14C1ED2C005C6FCE /* CreditsViewController.m */,
			);
			name = "Credits View";
			sourceTree = "<group>";
		};
		8FF507B814C326FF0095AC4F /* ASIHTTPRequest */ = {
			isa = PBXGroup;
			children = (
				8FF507BC14C327800095AC4F /* ASIAuthenticationDialog.h */,
				8FF507BD14C327800095AC4F /* ASIAuthenticationDialog.m */,
				8FF507BE14C327800095AC4F /* ASICacheDelegate.h */,
				8FF507BF14C327800095AC4F /* ASIDataCompressor.h */,
				8FF507C014C327800095AC4F /* ASIDataCompressor.m */,
				8FF507C114C327800095AC4F /* ASIDataDecompressor.h */,
				8FF507C214C327800095AC4F /* ASIDataDecompressor.m */,
				8FF507C314C327800095AC4F /* ASIDownloadCache.h */,
				8FF507C414C327800095AC4F /* ASIDownloadCache.m */,
				8FF507C514C327800095AC4F /* ASIFormDataRequest.h */,
				8FF507C614C327800095AC4F /* ASIFormDataRequest.m */,
				8FF507C714C327800095AC4F /* ASIHTTPRequest.h */,
				8FF507C814C327800095AC4F /* ASIHTTPRequest.m */,
				8FF507C914C327800095AC4F /* ASIHTTPRequestConfig.h */,
				8FF507CA14C327800095AC4F /* ASIHTTPRequestDelegate.h */,
				8FF507CB14C327800095AC4F /* ASIInputStream.h */,
				8FF507CC14C327800095AC4F /* ASIInputStream.m */,
				8FF507CD14C327800095AC4F /* ASINetworkQueue.h */,
				8FF507CE14C327800095AC4F /* ASINetworkQueue.m */,
				8FF507CF14C327800095AC4F /* ASIProgressDelegate.h */,
				8FF507D814C327880095AC4F /* Reachability.h */,
				8FF507D914C327880095AC4F /* Reachability.m */,
			);
			name = ASIHTTPRequest;
			sourceTree = "<group>";
		};
/* End PBXGroup section */

/* Begin PBXNativeTarget section */
		1D6058900D05DD3D006BFB54 /* Nsoc */ = {
			isa = PBXNativeTarget;
			buildConfigurationList = 1D6058960D05DD3E006BFB54 /* Build configuration list for PBXNativeTarget "Nsoc" */;
			buildPhases = (
				1D60588D0D05DD3D006BFB54 /* Resources */,
				1D60588E0D05DD3D006BFB54 /* Sources */,
				1D60588F0D05DD3D006BFB54 /* Frameworks */,
			);
			buildRules = (
			);
			dependencies = (
			);
			name = Nsoc;
			productName = Nsoc;
			productReference = 1D6058910D05DD3D006BFB54 /* Nsoc.app */;
			productType = "com.apple.product-type.application";
		};
/* End PBXNativeTarget section */

/* Begin PBXProject section */
		29B97313FDCFA39411CA2CEA /* Project object */ = {
			isa = PBXProject;
			buildConfigurationList = C01FCF4E08A954540054247B /* Build configuration list for PBXProject "nsoc" */;
			compatibilityVersion = "Xcode 3.1";
			developmentRegion = English;
			hasScannedForEncodings = 1;
			knownRegions = (
				English,
				Japanese,
				French,
				German,
			);
			mainGroup = 29B97314FDCFA39411CA2CEA /* Nsoc */;
			projectDirPath = "";
			projectRoot = "";
			targets = (
				1D6058900D05DD3D006BFB54 /* Nsoc */,
			);
		};
/* End PBXProject section */

/* Begin PBXResourcesBuildPhase section */
		1D60588D0D05DD3D006BFB54 /* Resources */ = {
			isa = PBXResourcesBuildPhase;
			buildActionMask = 2147483647;
			files = (
				28AD73880D9D96C1002E5188 /* MainWindow.xib in Resources */,
				2840D7CE1179279E00D7F93C /* InfosViewController.xib in Resources */,
				8FDFC0DE14C1E43E005C6FCE /* DetailsViewController.xib in Resources */,
				8FDFC0E514C1E451005C6FCE /* CommandsViewController.xib in Resources */,
				8FDFC0EC14C1E461005C6FCE /* ConfigViewController.xib in Resources */,
				8FDFC11A14C1E76D005C6FCE /* glyphicons_040_stats.png in Resources */,
				8FDFC11B14C1E76D005C6FCE /* glyphicons_041_charts.png in Resources */,
				8FDFC11C14C1E76D005C6FCE /* glyphicons_232_cardio.png in Resources */,
				8FDFC11D14C1E76D005C6FCE /* glyphicons_280_settings.png in Resources */,
				8FDFC12914C1E7DC005C6FCE /* glyphicons_026_home.png in Resources */,
				8FDFC17E14C1ED2C005C6FCE /* CreditsViewController.xib in Resources */,
				8FDFC24014C2398C005C6FCE /* credits.png in Resources */,
				8FDFC29E14C24741005C6FCE /* glyphicons_033_cogwheels.png in Resources */,
			);
			runOnlyForDeploymentPostprocessing = 0;
		};
/* End PBXResourcesBuildPhase section */

/* Begin PBXSourcesBuildPhase section */
		1D60588E0D05DD3D006BFB54 /* Sources */ = {
			isa = PBXSourcesBuildPhase;
			buildActionMask = 2147483647;
			files = (
				1D60589B0D05DD56006BFB54 /* main.m in Sources */,
				1D3623260D0F684500981E51 /* NsocAppDelegate.m in Sources */,
				28216C970DB411BC00E5133A /* InfosViewController.m in Sources */,
				8FDFC0DD14C1E43E005C6FCE /* DetailsViewController.m in Sources */,
				8FDFC0E414C1E451005C6FCE /* CommandsViewController.m in Sources */,
				8FDFC0EB14C1E461005C6FCE /* ConfigViewController.m in Sources */,
				8FDFC17D14C1ED2C005C6FCE /* CreditsViewController.m in Sources */,
				8FF507D014C327800095AC4F /* ASIAuthenticationDialog.m in Sources */,
				8FF507D114C327800095AC4F /* ASIDataCompressor.m in Sources */,
				8FF507D214C327800095AC4F /* ASIDataDecompressor.m in Sources */,
				8FF507D314C327800095AC4F /* ASIDownloadCache.m in Sources */,
				8FF507D414C327800095AC4F /* ASIFormDataRequest.m in Sources */,
				8FF507D514C327800095AC4F /* ASIHTTPRequest.m in Sources */,
				8FF507D614C327800095AC4F /* ASIInputStream.m in Sources */,
				8FF507D714C327800095AC4F /* ASINetworkQueue.m in Sources */,
				8FF507DA14C327880095AC4F /* Reachability.m in Sources */,
				8F1DEE7614C33776004E1A6D /* ELCTextfieldCell.m in Sources */,
			);
			runOnlyForDeploymentPostprocessing = 0;
		};
/* End PBXSourcesBuildPhase section */

/* Begin XCBuildConfiguration section */
		1D6058940D05DD3E006BFB54 /* Debug */ = {
			isa = XCBuildConfiguration;
			buildSettings = {
				ALWAYS_SEARCH_USER_PATHS = NO;
				COPY_PHASE_STRIP = NO;
				GCC_DYNAMIC_NO_PIC = NO;
				GCC_OPTIMIZATION_LEVEL = 0;
				GCC_PRECOMPILE_PREFIX_HEADER = YES;
				GCC_PREFIX_HEADER = Nsoc_Prefix.pch;
				INFOPLIST_FILE = "Nsoc-Info.plist";
				PRODUCT_NAME = Nsoc;
			};
			name = Debug;
		};
		1D6058950D05DD3E006BFB54 /* Release */ = {
			isa = XCBuildConfiguration;
			buildSettings = {
				ALWAYS_SEARCH_USER_PATHS = NO;
				COPY_PHASE_STRIP = YES;
				GCC_PRECOMPILE_PREFIX_HEADER = YES;
				GCC_PREFIX_HEADER = Nsoc_Prefix.pch;
				INFOPLIST_FILE = "Nsoc-Info.plist";
				PRODUCT_NAME = Nsoc;
				VALIDATE_PRODUCT = YES;
			};
			name = Release;
		};
		C01FCF4F08A954540054247B /* Debug */ = {
			isa = XCBuildConfiguration;
			buildSettings = {
				ARCHS = "$(ARCHS_STANDARD_32_BIT)";
				"CODE_SIGN_IDENTITY[sdk=iphoneos*]" = "iPhone Developer";
				GCC_C_LANGUAGE_STANDARD = c99;
				GCC_WARN_ABOUT_RETURN_TYPE = YES;
				GCC_WARN_UNUSED_VARIABLE = YES;
				PREBINDING = NO;
				SDKROOT = iphoneos4.1;
			};
			name = Debug;
		};
		C01FCF5008A954540054247B /* Release */ = {
			isa = XCBuildConfiguration;
			buildSettings = {
				ARCHS = "$(ARCHS_STANDARD_32_BIT)";
				"CODE_SIGN_IDENTITY[sdk=iphoneos*]" = "iPhone Developer";
				GCC_C_LANGUAGE_STANDARD = c99;
				GCC_WARN_ABOUT_RETURN_TYPE = YES;
				GCC_WARN_UNUSED_VARIABLE = YES;
				OTHER_CFLAGS = "-DNS_BLOCK_ASSERTIONS=1";
				PREBINDING = NO;
				SDKROOT = iphoneos4.1;
			};
			name = Release;
		};
/* End XCBuildConfiguration section */

/* Begin XCConfigurationList section */
		1D6058960D05DD3E006BFB54 /* Build configuration list for PBXNativeTarget "Nsoc" */ = {
			isa = XCConfigurationList;
			buildConfigurations = (
				1D6058940D05DD3E006BFB54 /* Debug */,
				1D6058950D05DD3E006BFB54 /* Release */,
			);
			defaultConfigurationIsVisible = 0;
			defaultConfigurationName = Release;
		};
		C01FCF4E08A954540054247B /* Build configuration list for PBXProject "nsoc" */ = {
			isa = XCConfigurationList;
			buildConfigurations = (
				C01FCF4F08A954540054247B /* Debug */,
				C01FCF5008A954540054247B /* Release */,
			);
			defaultConfigurationIsVisible = 0;
			defaultConfigurationName = Release;
		};
/* End XCConfigurationList section */
	};
	rootObject = 29B97313FDCFA39411CA2CEA /* Project object */;
}
